<?xml version="1.0" encoding="UTF-8" standalone="yes" ?>
<CodeBlocks_project_file>
	<FileVersion major="1" minor="6" />
	<Project>
		<Option title="ProjectDISCON" />
		<Option pch_mode="2" />
		<Option compiler="gfortran" />
		<Build>
			<Target title="Debug">
				<Option output=".exe" prefix_auto="1" extension_auto="1" />
				<Option working_dir="" />
				<Option object_output="D:/Documenten/WB/ZomerNerds/ProjectDISCON/.objs" />
				<Option type="1" />
				<Option compiler="gfortran" />
				<Option use_console_runner="0" />
				<Compiler>
					<Add option="-Wall" />
					<Add option="-DBUILD_DLL" />
					<Add option="-g" />
				</Compiler>
			</Target>
			<Target title="Release">
				<Option output="bin/Release/ProjectDISCON" prefix_auto="1" extension_auto="1" />
				<Option object_output="obj/Release/" />
				<Option type="3" />
				<Option compiler="gfortran" />
				<Option createDefFile="1" />
				<Option createStaticLib="1" />
				<Compiler>
					<Add option="-Wall" />
					<Add option="-DBUILD_DLL" />
					<Add option="-O2" />
				</Compiler>
				<Linker>
					<Add option="-s" />
				</Linker>
			</Target>
		</Build>
		<Unit filename="DISCON.f90">
			<Option weight="0" />
		</Unit>
		<Unit filename="Test.c">
			<Option compilerVar="CC" />
		</Unit>
		<Unit filename="Test.f">
			<Option weight="0" />
			<Option target="&lt;{~None~}&gt;" />
		</Unit>
		<Unit filename="main.f95">
			<Option weight="0" />
		</Unit>
		<Extensions>
			<code_completion />
			<envvars />
			<debugger />
			<lib_finder disable_auto="1" />
		</Extensions>
	</Project>
</CodeBlocks_project_file>
